
Microsoft Visual Studio Solution File, Format Version 12.00
# Visual Studio Version 17
VisualStudioVersion = 17.7.34024.191
MinimumVisualStudioVersion = 10.0.40219.1
Project("{FAE04EC0-301F-11D3-BF4B-00C04F79EFBC}") = "Tenacious_Analysts", "Tenacious_Analysts\Tenacious_Analysts.csproj", "{4880F85A-CAFA-452B-B714-9E2401E3042F}"
EndProject
Global
	GlobalSection(SolutionConfigurationPlatforms) = preSolution
		Debug|Any CPU = Debug|Any CPU
		Release|Any CPU = Release|Any CPU
	EndGlobalSection
	GlobalSection(ProjectConfigurationPlatforms) = postSolution
		{4880F85A-CAFA-452B-B714-9E2401E3042F}.Debug|Any CPU.ActiveCfg = Debug|Any CPU
		{4880F85A-CAFA-452B-B714-9E2401E3042F}.Debug|Any CPU.Build.0 = Debug|Any CPU
		{4880F85A-CAFA-452B-B714-9E2401E3042F}.Release|Any CPU.ActiveCfg = Release|Any CPU
		{4880F85A-CAFA-452B-B714-9E2401E3042F}.Release|Any CPU.Build.0 = Release|Any CPU
	EndGlobalSection
	GlobalSection(SolutionProperties) = preSolution
		HideSolutionNode = FALSE
	EndGlobalSection
	GlobalSection(ExtensibilityGlobals) = postSolution
		SolutionGuid = {C131E63F-44AB-414B-83DB-16EA166633EC}
	EndGlobalSection
EndGlobal
